<?xml version="1.0" encoding="utf-8"?>
<Project ToolsVersion="4.0" xmlns="http://schemas.microsoft.com/developer/msbuild/2003">
  <ItemGroup>
    <Filter Include="Source Files">
      <UniqueIdentifier>{4FC737F1-C7A5-4376-A066-2A32D752A2FF}</UniqueIdentifier>
      <Extensions>cpp;c;cc;cxx;def;odl;idl;hpj;bat;asm;asmx</Extensions>
    </Filter>
    <Filter Include="Header Files">
      <UniqueIdentifier>{93995380-89BD-4b04-88EB-625FBE52EBFB}</UniqueIdentifier>
      <Extensions>h;hh;hpp;hxx;hm;inl;inc;ipp;xsd</Extensions>
    </Filter>
    <Filter Include="Resource Files">
      <UniqueIdentifier>{67DA6AB6-F800-4c08-8B7A-83BB121AAD01}</UniqueIdentifier>
      <Extensions>rc;ico;cur;bmp;dlg;rc2;rct;bin;rgs;gif;jpg;jpeg;jpe;resx;tiff;tif;png;wav;mfcribbon-ms</Extensions>
    </Filter>
    <Filter Include="Source Files\Nations">
      <UniqueIdentifier>{75162b67-2343-477d-bed9-0c6398f90192}</UniqueIdentifier>
    </Filter>
    <Filter Include="Header Files\Nations">
      <UniqueIdentifier>{ff3a037b-0566-46c4-ad7f-bfacd76d4c55}</UniqueIdentifier>
    </Filter>
    <Filter Include="Source Files\Nation Screen">
      <UniqueIdentifier>{0543c128-d606-4ab4-90bc-0aee4df2f756}</UniqueIdentifier>
    </Filter>
    <Filter Include="Source Files\Board">
      <UniqueIdentifier>{8b093e96-7243-4093-aeae-3dabd14f8693}</UniqueIdentifier>
    </Filter>
    <Filter Include="Source Files\Research Screen">
      <UniqueIdentifier>{80496913-8b51-4a5d-9d2e-087ed6c3476c}</UniqueIdentifier>
    </Filter>
    <Filter Include="Source Files\Graph Screen">
      <UniqueIdentifier>{0f0de40c-7492-4ac3-baa9-a264d39b8516}</UniqueIdentifier>
    </Filter>
    <Filter Include="Source Files\Log Screen">
      <UniqueIdentifier>{148b4979-a8df-4bdc-af04-6b8645be13e1}</UniqueIdentifier>
    </Filter>
    <Filter Include="Header Files\Log Screen">
      <UniqueIdentifier>{da58bb66-9b28-40f0-8dc8-76a57fd7f561}</UniqueIdentifier>
    </Filter>
    <Filter Include="Header Files\Nation Screen">
      <UniqueIdentifier>{9507b474-34dc-4558-a7aa-b0f98a744a4f}</UniqueIdentifier>
    </Filter>
    <Filter Include="Header Files\Graphics">
      <UniqueIdentifier>{bd265a07-3e3d-47e8-a25c-6ec8f87d8cfd}</UniqueIdentifier>
    </Filter>
    <Filter Include="Source Files\Graphics">
      <UniqueIdentifier>{8f4a9ba1-43ac-49b4-b98e-c8237f9238f1}</UniqueIdentifier>
    </Filter>
    <Filter Include="Source Files\Nation Screen\Screen Sections">
      <UniqueIdentifier>{dcf57624-22be-4bbd-a10e-26da7dc64b46}</UniqueIdentifier>
    </Filter>
    <Filter Include="Header Files\Board">
      <UniqueIdentifier>{5ea4e7fe-d298-43c4-9c7a-78335a5e1a1d}</UniqueIdentifier>
    </Filter>
    <Filter Include="Header Files\Spread Screen">
      <UniqueIdentifier>{e9ba4276-b8ec-4835-b1e3-079eeb342604}</UniqueIdentifier>
    </Filter>
    <Filter Include="Source Files\Spread Screen">
      <UniqueIdentifier>{6da3aad9-9f4c-4945-9c7f-7e024505c417}</UniqueIdentifier>
    </Filter>
    <Filter Include="Header Files\Nation Screen\Screen Sections">
      <UniqueIdentifier>{a103ab82-33ce-4a7c-9cc5-e6a853a71eee}</UniqueIdentifier>
    </Filter>
    <Filter Include="Source Files\Main Screen">
      <UniqueIdentifier>{32ce6bfa-7823-4870-b31b-b63acb7221bf}</UniqueIdentifier>
    </Filter>
    <Filter Include="Header Files\Graph Screen">
      <UniqueIdentifier>{e469b3e6-494d-4e73-b3c0-1323111f81c1}</UniqueIdentifier>
    </Filter>
    <Filter Include="Header Files\Game">
      <UniqueIdentifier>{0aedfd85-2c54-45dc-9871-bd3c9a2f8abf}</UniqueIdentifier>
    </Filter>
    <Filter Include="Source Files\Game">
      <UniqueIdentifier>{050e47fa-1120-4074-9ba3-402491a90cb0}</UniqueIdentifier>
    </Filter>
    <Filter Include="Header Files\Research Screen">
      <UniqueIdentifier>{2e674b26-8a15-4252-afee-59f855d5405b}</UniqueIdentifier>
    </Filter>
    <Filter Include="Header Files\Board\Territories">
      <UniqueIdentifier>{2e9d5ada-9ffa-40c9-9563-63f82338c535}</UniqueIdentifier>
    </Filter>
    <Filter Include="Source Files\Board\Territories">
      <UniqueIdentifier>{9bfaa408-9ece-4d24-823e-ced112c1815f}</UniqueIdentifier>
    </Filter>
  </ItemGroup>
  <ItemGroup>
    <ClInclude Include="graphics\header\DebugGrid.h">
      <Filter>Header Files\Graphics</Filter>
    </ClInclude>
    <ClInclude Include="graphics\header\Section.h">
      <Filter>Header Files\Graphics</Filter>
    </ClInclude>
    <ClInclude Include="graphics\header\GraphicsHeader.h">
      <Filter>Header Files\Graphics</Filter>
    </ClInclude>
    <ClInclude Include="graphics\header\UseGDI.h">
      <Filter>Header Files\Graphics</Filter>
    </ClInclude>
    <ClInclude Include="board\header\BoardClass.h">
      <Filter>Header Files\Board</Filter>
    </ClInclude>
    <ClInclude Include="board\header\BonusClass.h">
      <Filter>Header Files\Board</Filter>
    </ClInclude>
    <ClInclude Include="board\header\WarMatrix.h">
      <Filter>Header Files\Board</Filter>
    </ClInclude>
    <ClInclude Include="logScreen\header\LogClass.h">
      <Filter>Header Files\Log Screen</Filter>
    </ClInclude>
    <ClInclude Include="logScreen\header\LogPair.h">
      <Filter>Header Files\Log Screen</Filter>
    </ClInclude>
    <ClInclude Include="logScreen\header\LogTerrs.h">
      <Filter>Header Files\Log Screen</Filter>
    </ClInclude>
    <ClInclude Include="logScreen\header\LogText.h">
      <Filter>Header Files\Log Screen</Filter>
    </ClInclude>
    <ClInclude Include="nations\header\ANZACClass.h">
      <Filter>Header Files\Nations</Filter>
    </ClInclude>
    <ClInclude Include="nations\header\ChinaClass.h">
      <Filter>Header Files\Nations</Filter>
    </ClInclude>
    <ClInclude Include="nations\header\FranceClass.h">
      <Filter>Header Files\Nations</Filter>
    </ClInclude>
    <ClInclude Include="nations\header\GermanyClass.h">
      <Filter>Header Files\Nations</Filter>
    </ClInclude>
    <ClInclude Include="nations\header\ItalyClass.h">
      <Filter>Header Files\Nations</Filter>
    </ClInclude>
    <ClInclude Include="nations\header\JapanClass.h">
      <Filter>Header Files\Nations</Filter>
    </ClInclude>
    <ClInclude Include="nations\header\NationClass.h">
      <Filter>Header Files\Nations</Filter>
    </ClInclude>
    <ClInclude Include="nations\header\SovietClass.h">
      <Filter>Header Files\Nations</Filter>
    </ClInclude>
    <ClInclude Include="nations\header\UnitedKingdomClass.h">
      <Filter>Header Files\Nations</Filter>
    </ClInclude>
    <ClInclude Include="nations\header\UnitedStatesClass.h">
      <Filter>Header Files\Nations</Filter>
    </ClInclude>
    <ClInclude Include="spreadScreen\header\SpreadsheetClass.h">
      <Filter>Header Files\Spread Screen</Filter>
    </ClInclude>
    <ClInclude Include="nationScreen\screenSections\header\BonusSection.h">
      <Filter>Header Files\Nation Screen\Screen Sections</Filter>
    </ClInclude>
    <ClInclude Include="nationScreen\screenSections\header\CitiesSection.h">
      <Filter>Header Files\Nation Screen\Screen Sections</Filter>
    </ClInclude>
    <ClInclude Include="nationScreen\screenSections\header\MiniSpreadSection.h">
      <Filter>Header Files\Nation Screen\Screen Sections</Filter>
    </ClInclude>
    <ClInclude Include="nationScreen\screenSections\header\NameSection.h">
      <Filter>Header Files\Nation Screen\Screen Sections</Filter>
    </ClInclude>
    <ClInclude Include="nationScreen\screenSections\header\NeutralSection.h">
      <Filter>Header Files\Nation Screen\Screen Sections</Filter>
    </ClInclude>
    <ClInclude Include="nationScreen\screenSections\header\PhaseSection.h">
      <Filter>Header Files\Nation Screen\Screen Sections</Filter>
    </ClInclude>
    <ClInclude Include="nationScreen\screenSections\header\PurchaseSection.h">
      <Filter>Header Files\Nation Screen\Screen Sections</Filter>
    </ClInclude>
    <ClInclude Include="nationScreen\screenSections\header\StatusSection.h">
      <Filter>Header Files\Nation Screen\Screen Sections</Filter>
    </ClInclude>
    <ClInclude Include="nationScreen\screenSections\header\WarchestSection.h">
      <Filter>Header Files\Nation Screen\Screen Sections</Filter>
    </ClInclude>
    <ClInclude Include="nationScreen\screenSections\header\WarSection.h">
      <Filter>Header Files\Nation Screen\Screen Sections</Filter>
    </ClInclude>
    <ClInclude Include="nationScreen\header\PurchaseClass.h">
      <Filter>Header Files\Nation Screen</Filter>
    </ClInclude>
    <ClInclude Include="graphScreen\header\GraphClass.h">
      <Filter>Header Files\Graph Screen</Filter>
    </ClInclude>
    <ClInclude Include="game\header\AA_Tracker.h">
      <Filter>Header Files\Game</Filter>
    </ClInclude>
    <ClInclude Include="game\header\framework.h">
      <Filter>Header Files\Game</Filter>
    </ClInclude>
    <ClInclude Include="game\header\Resource.h">
      <Filter>Header Files\Game</Filter>
    </ClInclude>
    <ClInclude Include="game\header\targetver.h">
      <Filter>Header Files\Game</Filter>
    </ClInclude>
    <ClInclude Include="researchScreen\header\ResearchClass.h">
      <Filter>Header Files\Research Screen</Filter>
    </ClInclude>
    <ClInclude Include="board\header\Territories.h">
      <Filter>Header Files\Board\Territories</Filter>
    </ClInclude>
    <ClInclude Include="board\header\TerritoriesClass.h">
      <Filter>Header Files\Board\Territories</Filter>
    </ClInclude>
    <ClInclude Include="board\header\TerritoryClass.h">
      <Filter>Header Files\Board\Territories</Filter>
    </ClInclude>
    <ClInclude Include="board\header\TerritoryText.h">
      <Filter>Header Files\Board\Territories</Filter>
    </ClInclude>
    <ClInclude Include="board\header\IndustrialComplexClass.h">
      <Filter>Header Files\Board\Territories</Filter>
    </ClInclude>
    <ClInclude Include="board\header\AirBaseClass.h">
      <Filter>Header Files\Board\Territories</Filter>
    </ClInclude>
    <ClInclude Include="board\header\NavalBaseClass.h">
      <Filter>Header Files\Board\Territories</Filter>
    </ClInclude>
    <ClInclude Include="board\header\MongoliaClass.h">
      <Filter>Header Files\Board\Territories</Filter>
    </ClInclude>
  </ItemGroup>
  <ItemGroup>
    <ClCompile Include="nationScreen\screenSections\source\BonusSection.cpp">
      <Filter>Source Files\Nation Screen\Screen Sections</Filter>
    </ClCompile>
    <ClCompile Include="nationScreen\screenSections\source\CitiesSection.cpp">
      <Filter>Source Files\Nation Screen\Screen Sections</Filter>
    </ClCompile>
    <ClCompile Include="nationScreen\screenSections\source\MiniSpreadSection.cpp">
      <Filter>Source Files\Nation Screen\Screen Sections</Filter>
    </ClCompile>
    <ClCompile Include="nationScreen\screenSections\source\NameSection.cpp">
      <Filter>Source Files\Nation Screen\Screen Sections</Filter>
    </ClCompile>
    <ClCompile Include="nationScreen\screenSections\source\NeutralSection.cpp">
      <Filter>Source Files\Nation Screen\Screen Sections</Filter>
    </ClCompile>
    <ClCompile Include="nationScreen\screenSections\source\PhaseSection.cpp">
      <Filter>Source Files\Nation Screen\Screen Sections</Filter>
    </ClCompile>
    <ClCompile Include="nationScreen\screenSections\source\PurchaseSection.cpp">
      <Filter>Source Files\Nation Screen\Screen Sections</Filter>
    </ClCompile>
    <ClCompile Include="nationScreen\screenSections\source\StatusSection.cpp">
      <Filter>Source Files\Nation Screen\Screen Sections</Filter>
    </ClCompile>
    <ClCompile Include="nationScreen\screenSections\source\WarchestSection.cpp">
      <Filter>Source Files\Nation Screen\Screen Sections</Filter>
    </ClCompile>
    <ClCompile Include="nationScreen\screenSections\source\WarSection.cpp">
      <Filter>Source Files\Nation Screen\Screen Sections</Filter>
    </ClCompile>
    <ClCompile Include="graphics\source\AAGraphics.cpp">
      <Filter>Source Files\Graphics</Filter>
    </ClCompile>
    <ClCompile Include="graphics\source\DebugGrid.cpp">
      <Filter>Source Files\Graphics</Filter>
    </ClCompile>
    <ClCompile Include="graphics\source\DebugSwitches.cpp">
      <Filter>Source Files\Graphics</Filter>
    </ClCompile>
    <ClCompile Include="graphics\source\Section.cpp">
      <Filter>Source Files\Graphics</Filter>
    </ClCompile>
    <ClCompile Include="board\source\BoardClass.cpp">
      <Filter>Source Files\Board</Filter>
    </ClCompile>
    <ClCompile Include="board\source\BonusClass.cpp">
      <Filter>Source Files\Board</Filter>
    </ClCompile>
    <ClCompile Include="board\source\WarMatrix.cpp">
      <Filter>Source Files\Board</Filter>
    </ClCompile>
    <ClCompile Include="board\source\Wars.cpp">
      <Filter>Source Files\Board</Filter>
    </ClCompile>
    <ClCompile Include="board\source\BoardEconomies.cpp">
      <Filter>Source Files\Board</Filter>
    </ClCompile>
    <ClCompile Include="board\source\Bonuses.cpp">
      <Filter>Source Files\Board</Filter>
    </ClCompile>
    <ClCompile Include="logScreen\source\LogClass.cpp">
      <Filter>Source Files\Log Screen</Filter>
    </ClCompile>
    <ClCompile Include="logScreen\source\LogPair.cpp">
      <Filter>Source Files\Log Screen</Filter>
    </ClCompile>
    <ClCompile Include="logScreen\source\LogScreen.cpp">
      <Filter>Source Files\Log Screen</Filter>
    </ClCompile>
    <ClCompile Include="nations\source\ANZACClass.cpp">
      <Filter>Source Files\Nations</Filter>
    </ClCompile>
    <ClCompile Include="nations\source\ChinaClass.cpp">
      <Filter>Source Files\Nations</Filter>
    </ClCompile>
    <ClCompile Include="nations\source\FranceClass.cpp">
      <Filter>Source Files\Nations</Filter>
    </ClCompile>
    <ClCompile Include="nations\source\GermanyClass.cpp">
      <Filter>Source Files\Nations</Filter>
    </ClCompile>
    <ClCompile Include="nations\source\ItalyClass.cpp">
      <Filter>Source Files\Nations</Filter>
    </ClCompile>
    <ClCompile Include="nations\source\JapanClass.cpp">
      <Filter>Source Files\Nations</Filter>
    </ClCompile>
    <ClCompile Include="nations\source\NationClass.cpp">
      <Filter>Source Files\Nations</Filter>
    </ClCompile>
    <ClCompile Include="nations\source\SovietClass.cpp">
      <Filter>Source Files\Nations</Filter>
    </ClCompile>
    <ClCompile Include="nations\source\UnitedKingdomClass.cpp">
      <Filter>Source Files\Nations</Filter>
    </ClCompile>
    <ClCompile Include="nations\source\UnitedStatesClass.cpp">
      <Filter>Source Files\Nations</Filter>
    </ClCompile>
    <ClCompile Include="spreadScreen\source\SpreadScreen.cpp">
      <Filter>Source Files\Spread Screen</Filter>
    </ClCompile>
    <ClCompile Include="spreadScreen\source\SpreadsheetClass.cpp">
      <Filter>Source Files\Spread Screen</Filter>
    </ClCompile>
    <ClCompile Include="nationScreen\source\NationScreen.cpp">
      <Filter>Source Files\Nation Screen</Filter>
    </ClCompile>
    <ClCompile Include="nationScreen\source\NationScreenAux.cpp">
      <Filter>Source Files\Nation Screen</Filter>
    </ClCompile>
    <ClCompile Include="nationScreen\source\NationScreenConfig.cpp">
      <Filter>Source Files\Nation Screen</Filter>
    </ClCompile>
    <ClCompile Include="nationScreen\source\NationScreenHandlers.cpp">
      <Filter>Source Files\Nation Screen</Filter>
    </ClCompile>
    <ClCompile Include="nationScreen\source\NationScreenSections.cpp">
      <Filter>Source Files\Nation Screen</Filter>
    </ClCompile>
    <ClCompile Include="nationScreen\source\NatScreenPurchHelp.cpp">
      <Filter>Source Files\Nation Screen</Filter>
    </ClCompile>
    <ClCompile Include="nationScreen\source\PurchaseClass.cpp">
      <Filter>Source Files\Nation Screen</Filter>
    </ClCompile>
    <ClCompile Include="mainScreen\MainScreen.cpp">
      <Filter>Source Files\Main Screen</Filter>
    </ClCompile>
    <ClCompile Include="graphScreen\source\GraphClass.cpp">
      <Filter>Source Files\Graph Screen</Filter>
    </ClCompile>
    <ClCompile Include="graphScreen\source\GraphScreen.cpp">
      <Filter>Source Files\Graph Screen</Filter>
    </ClCompile>
    <ClCompile Include="game\source\AA_Tracker.cpp">
      <Filter>Source Files\Game</Filter>
    </ClCompile>
    <ClCompile Include="game\source\AuxFunctions.cpp">
      <Filter>Source Files\Game</Filter>
    </ClCompile>
    <ClCompile Include="game\source\GameClass.cpp">
      <Filter>Source Files\Game</Filter>
    </ClCompile>
    <ClCompile Include="game\source\MenuCallbacks.cpp">
      <Filter>Source Files\Game</Filter>
    </ClCompile>
    <ClCompile Include="researchScreen\source\ResearchClass.cpp">
      <Filter>Source Files\Research Screen</Filter>
    </ClCompile>
    <ClCompile Include="researchScreen\source\ResearchScreen.cpp">
      <Filter>Source Files\Research Screen</Filter>
    </ClCompile>
    <ClCompile Include="board\source\Territories.cpp">
      <Filter>Source Files\Board\Territories</Filter>
    </ClCompile>
    <ClCompile Include="board\source\TerritoriesClass.cpp">
      <Filter>Source Files\Board\Territories</Filter>
    </ClCompile>
    <ClCompile Include="board\source\TerritoryClass.cpp">
      <Filter>Source Files\Board\Territories</Filter>
    </ClCompile>
    <ClCompile Include="board\source\IndustrialComplexClass.cpp">
      <Filter>Source Files\Board\Territories</Filter>
    </ClCompile>
    <ClCompile Include="board\source\AirBaseClass.cpp">
      <Filter>Source Files\Board\Territories</Filter>
    </ClCompile>
    <ClCompile Include="board\source\NavalBaseClass.cpp">
      <Filter>Source Files\Board\Territories</Filter>
    </ClCompile>
    <ClCompile Include="board\source\MongoliaClass.cpp">
      <Filter>Source Files\Board\Territories</Filter>
    </ClCompile>
  </ItemGroup>
  <ItemGroup>
    <Image Include="bitmaps\ANZACIcon.bmp">
      <Filter>Resource Files</Filter>
    </Image>
    <Image Include="bitmaps\ChinaIcon.bmp">
      <Filter>Resource Files</Filter>
    </Image>
    <Image Include="bitmaps\FranceIcon.bmp">
      <Filter>Resource Files</Filter>
    </Image>
    <Image Include="bitmaps\GermanyIcon.bmp">
      <Filter>Resource Files</Filter>
    </Image>
    <Image Include="bitmaps\ItalyIcon.bmp">
      <Filter>Resource Files</Filter>
    </Image>
    <Image Include="bitmaps\JapanIcon.bmp">
      <Filter>Resource Files</Filter>
    </Image>
    <Image Include="bitmaps\researchBack.bmp">
      <Filter>Resource Files</Filter>
    </Image>
    <Image Include="bitmaps\SovietIcon.bmp">
      <Filter>Resource Files</Filter>
    </Image>
    <Image Include="bitmaps\UnitedKingdomIcon.bmp">
      <Filter>Resource Files</Filter>
    </Image>
    <Image Include="bitmaps\UnitedStatesIcon.bmp">
      <Filter>Resource Files</Filter>
    </Image>
    <Image Include="bitmaps\AA_Tracker.ico">
      <Filter>Resource Files</Filter>
    </Image>
    <Image Include="bitmaps\small.ico">
      <Filter>Resource Files</Filter>
    </Image>
  </ItemGroup>
  <ItemGroup>
    <ResourceCompile Include="game\resource\AA_Tracker.rc">
      <Filter>Resource Files</Filter>
    </ResourceCompile>
  </ItemGroup>
</Project>